
Microsoft Visual Studio Solution File, Format Version 12.00
# Visual Studio 15
VisualStudioVersion = 15.0.26430.6
MinimumVisualStudioVersion = 10.0.40219.1
Project("{FAE04EC0-301F-11D3-BF4B-00C04F79EFBC}") = "Contoso.AADB2C.API", "Contoso.AADB2C.API\Contoso.AADB2C.API.csproj", "{7E6388F7-0E70-429D-AEAD-EAD87DE2DF72}"
EndProject
Project("{FAE04EC0-301F-11D3-BF4B-00C04F79EFBC}") = "Contoso.AADB2C.APIClientCert", "Contoso.AADB2C.APIClientCert\Contoso.AADB2C.APIClientCert.csproj", "{3BC0838E-582F-421F-B803-62152BB6D7D6}"
EndProject
Project("{FAE04EC0-301F-11D3-BF4B-00C04F79EFBC}") = "Contoso.AADB2C.APIBasicAuth", "Contoso.AADB2C.APIBasicAuth\Contoso.AADB2C.APIBasicAuth.csproj", "{95B15BA7-A0C5-4AA7-A307-28CFD6AB2291}"
EndProject
Global
	GlobalSection(SolutionConfigurationPlatforms) = preSolution
		Debug|Any CPU = Debug|Any CPU
		Release|Any CPU = Release|Any CPU
	EndGlobalSection
	GlobalSection(ProjectConfigurationPlatforms) = postSolution
		{7E6388F7-0E70-429D-AEAD-EAD87DE2DF72}.Debug|Any CPU.ActiveCfg = Debug|Any CPU
		{7E6388F7-0E70-429D-AEAD-EAD87DE2DF72}.Debug|Any CPU.Build.0 = Debug|Any CPU
		{7E6388F7-0E70-429D-AEAD-EAD87DE2DF72}.Release|Any CPU.ActiveCfg = Release|Any CPU
		{7E6388F7-0E70-429D-AEAD-EAD87DE2DF72}.Release|Any CPU.Build.0 = Release|Any CPU
		{3BC0838E-582F-421F-B803-62152BB6D7D6}.Debug|Any CPU.ActiveCfg = Debug|Any CPU
		{3BC0838E-582F-421F-B803-62152BB6D7D6}.Debug|Any CPU.Build.0 = Debug|Any CPU
		{3BC0838E-582F-421F-B803-62152BB6D7D6}.Release|Any CPU.ActiveCfg = Release|Any CPU
		{3BC0838E-582F-421F-B803-62152BB6D7D6}.Release|Any CPU.Build.0 = Release|Any CPU
		{95B15BA7-A0C5-4AA7-A307-28CFD6AB2291}.Debug|Any CPU.ActiveCfg = Debug|Any CPU
		{95B15BA7-A0C5-4AA7-A307-28CFD6AB2291}.Debug|Any CPU.Build.0 = Debug|Any CPU
		{95B15BA7-A0C5-4AA7-A307-28CFD6AB2291}.Release|Any CPU.ActiveCfg = Release|Any CPU
		{95B15BA7-A0C5-4AA7-A307-28CFD6AB2291}.Release|Any CPU.Build.0 = Release|Any CPU
	EndGlobalSection
	GlobalSection(SolutionProperties) = preSolution
		HideSolutionNode = FALSE
	EndGlobalSection
EndGlobal
